
Microsoft Visual Studio Solution File, Format Version 12.00
# Visual Studio 15
VisualStudioVersion = 15.0.27703.2018
MinimumVisualStudioVersion = 10.0.40219.1
Project("{FAE04EC0-301F-11D3-BF4B-00C04F79EFBC}") = "CoreCourse.Samples.Web", "CoreCourse.Samples.Web\CoreCourse.Samples.Web.csproj", "{418FCEAF-33BD-4B2E-8295-5F0DFEE376D5}"
EndProject
Global
	GlobalSection(SolutionConfigurationPlatforms) = preSolution
		Debug|Any CPU = Debug|Any CPU
		Release|Any CPU = Release|Any CPU
	EndGlobalSection
	GlobalSection(ProjectConfigurationPlatforms) = postSolution
		{418FCEAF-33BD-4B2E-8295-5F0DFEE376D5}.Debug|Any CPU.ActiveCfg = Debug|Any CPU
		{418FCEAF-33BD-4B2E-8295-5F0DFEE376D5}.Debug|Any CPU.Build.0 = Debug|Any CPU
		{418FCEAF-33BD-4B2E-8295-5F0DFEE376D5}.Release|Any CPU.ActiveCfg = Release|Any CPU
		{418FCEAF-33BD-4B2E-8295-5F0DFEE376D5}.Release|Any CPU.Build.0 = Release|Any CPU
	EndGlobalSection
	GlobalSection(SolutionProperties) = preSolution
		HideSolutionNode = FALSE
	EndGlobalSection
	GlobalSection(ExtensibilityGlobals) = postSolution
		SolutionGuid = {9C450B65-08C6-4639-B55D-FA30E8BC16DA}
	EndGlobalSection
EndGlobal
